
Microsoft Visual Studio Solution File, Format Version 12.00
# Visual Studio Version 17
VisualStudioVersion = 17.3.32901.215
MinimumVisualStudioVersion = 10.0.40219.1
Project("{FAE04EC0-301F-11D3-BF4B-00C04F79EFBC}") = "SetupNodes", "SetupNodes\SetupNodes.csproj", "{370947D2-B170-4CBB-A1B8-A896BD7AEA3A}"
EndProject
Project("{FAE04EC0-301F-11D3-BF4B-00C04F79EFBC}") = "ConsoleApp1", "ConsoleApp1\ConsoleApp1.csproj", "{C6FD6F69-B379-4A60-B5D9-CF3C243DE6DF}"
EndProject
Global
	GlobalSection(SolutionConfigurationPlatforms) = preSolution
		Debug|Any CPU = Debug|Any CPU
		Release|Any CPU = Release|Any CPU
	EndGlobalSection
	GlobalSection(ProjectConfigurationPlatforms) = postSolution
		{370947D2-B170-4CBB-A1B8-A896BD7AEA3A}.Debug|Any CPU.ActiveCfg = Debug|Any CPU
		{370947D2-B170-4CBB-A1B8-A896BD7AEA3A}.Debug|Any CPU.Build.0 = Debug|Any CPU
		{370947D2-B170-4CBB-A1B8-A896BD7AEA3A}.Release|Any CPU.ActiveCfg = Release|Any CPU
		{370947D2-B170-4CBB-A1B8-A896BD7AEA3A}.Release|Any CPU.Build.0 = Release|Any CPU
		{C6FD6F69-B379-4A60-B5D9-CF3C243DE6DF}.Debug|Any CPU.ActiveCfg = Debug|Any CPU
		{C6FD6F69-B379-4A60-B5D9-CF3C243DE6DF}.Debug|Any CPU.Build.0 = Debug|Any CPU
		{C6FD6F69-B379-4A60-B5D9-CF3C243DE6DF}.Release|Any CPU.ActiveCfg = Release|Any CPU
		{C6FD6F69-B379-4A60-B5D9-CF3C243DE6DF}.Release|Any CPU.Build.0 = Release|Any CPU
	EndGlobalSection
	GlobalSection(SolutionProperties) = preSolution
		HideSolutionNode = FALSE
	EndGlobalSection
	GlobalSection(ExtensibilityGlobals) = postSolution
		SolutionGuid = {D20CFF49-5AEE-4B63-AF84-96C3D981BEEE}
	EndGlobalSection
EndGlobal
